
Microsoft Visual Studio Solution File, Format Version 12.00
# Visual Studio 15
VisualStudioVersion = 15.0.27428.2037
MinimumVisualStudioVersion = 10.0.40219.1
Project("{2150E333-8FDC-42A3-9474-1A3956D46DE8}") = "src", "src", "{FFE26567-BD8C-4707-923E-5D8532C4DC5C}"
EndProject
Project("{2150E333-8FDC-42A3-9474-1A3956D46DE8}") = "test", "test", "{DC863194-AAA2-44C3-B3A0-5E69ACB99BEF}"
EndProject
Project("{2150E333-8FDC-42A3-9474-1A3956D46DE8}") = "samples", "samples", "{5B4D3E71-3C14-4980-9E7D-C614F1C4280C}"
EndProject
Project("{9A19103F-16F7-4668-BE54-9A1E7A4F7556}") = "VeeValidate.AspNetCore", "src\VeeValidate.AspNetCore\VeeValidate.AspNetCore.csproj", "{EC0ECF3A-379D-4D54-BBE6-7D6B18DBC114}"
EndProject
Project("{9A19103F-16F7-4668-BE54-9A1E7A4F7556}") = "VeeValidate.AspNetCore.Tests", "test\VeeValidate.AspNetCore.Tests\VeeValidate.AspNetCore.Tests.csproj", "{56B97FEE-036D-4B34-9B44-87EC60AFB552}"
EndProject
Project("{9A19103F-16F7-4668-BE54-9A1E7A4F7556}") = "VeeValidate.AspNetCore.Sample", "samples\VeeValidate.AspNetCore.Sample\VeeValidate.AspNetCore.Sample.csproj", "{FA31D9D5-FC01-4BD4-B3B8-1722706C700C}"
EndProject
Project("{2150E333-8FDC-42A3-9474-1A3956D46DE8}") = "Solution Items", "Solution Items", "{3C55F708-121E-45ED-BD3C-ED1EB9ECB0EC}"
	ProjectSection(SolutionItems) = preProject
		README.md = README.md
	EndProjectSection
EndProject
Project("{9A19103F-16F7-4668-BE54-9A1E7A4F7556}") = "VeeValidate.AspNetCore.FluentValidation", "src\VeeValidate.AspNetCore.FluentValidation\VeeValidate.AspNetCore.FluentValidation.csproj", "{EE9A41F3-CCB4-4681-92E7-8294786A398D}"
EndProject
Project("{9A19103F-16F7-4668-BE54-9A1E7A4F7556}") = "VeeValidate.AspNetCore.FluentValidation.Tests", "test\VeeValidate.AspNetCore.FluentValidation.Tests\VeeValidate.AspNetCore.FluentValidation.Tests.csproj", "{3C6D88B2-ADF2-4DE3-9CEB-082B5BDF3EBA}"
EndProject
Global
	GlobalSection(SolutionConfigurationPlatforms) = preSolution
		Debug|Any CPU = Debug|Any CPU
		Release|Any CPU = Release|Any CPU
	EndGlobalSection
	GlobalSection(ProjectConfigurationPlatforms) = postSolution
		{EC0ECF3A-379D-4D54-BBE6-7D6B18DBC114}.Debug|Any CPU.ActiveCfg = Debug|Any CPU
		{EC0ECF3A-379D-4D54-BBE6-7D6B18DBC114}.Debug|Any CPU.Build.0 = Debug|Any CPU
		{EC0ECF3A-379D-4D54-BBE6-7D6B18DBC114}.Release|Any CPU.ActiveCfg = Release|Any CPU
		{EC0ECF3A-379D-4D54-BBE6-7D6B18DBC114}.Release|Any CPU.Build.0 = Release|Any CPU
		{56B97FEE-036D-4B34-9B44-87EC60AFB552}.Debug|Any CPU.ActiveCfg = Debug|Any CPU
		{56B97FEE-036D-4B34-9B44-87EC60AFB552}.Debug|Any CPU.Build.0 = Debug|Any CPU
		{56B97FEE-036D-4B34-9B44-87EC60AFB552}.Release|Any CPU.ActiveCfg = Release|Any CPU
		{56B97FEE-036D-4B34-9B44-87EC60AFB552}.Release|Any CPU.Build.0 = Release|Any CPU
		{FA31D9D5-FC01-4BD4-B3B8-1722706C700C}.Debug|Any CPU.ActiveCfg = Debug|Any CPU
		{FA31D9D5-FC01-4BD4-B3B8-1722706C700C}.Debug|Any CPU.Build.0 = Debug|Any CPU
		{FA31D9D5-FC01-4BD4-B3B8-1722706C700C}.Release|Any CPU.ActiveCfg = Release|Any CPU
		{FA31D9D5-FC01-4BD4-B3B8-1722706C700C}.Release|Any CPU.Build.0 = Release|Any CPU
		{EE9A41F3-CCB4-4681-92E7-8294786A398D}.Debug|Any CPU.ActiveCfg = Debug|Any CPU
		{EE9A41F3-CCB4-4681-92E7-8294786A398D}.Debug|Any CPU.Build.0 = Debug|Any CPU
		{EE9A41F3-CCB4-4681-92E7-8294786A398D}.Release|Any CPU.ActiveCfg = Release|Any CPU
		{EE9A41F3-CCB4-4681-92E7-8294786A398D}.Release|Any CPU.Build.0 = Release|Any CPU
		{3C6D88B2-ADF2-4DE3-9CEB-082B5BDF3EBA}.Debug|Any CPU.ActiveCfg = Debug|Any CPU
		{3C6D88B2-ADF2-4DE3-9CEB-082B5BDF3EBA}.Debug|Any CPU.Build.0 = Debug|Any CPU
		{3C6D88B2-ADF2-4DE3-9CEB-082B5BDF3EBA}.Release|Any CPU.ActiveCfg = Release|Any CPU
		{3C6D88B2-ADF2-4DE3-9CEB-082B5BDF3EBA}.Release|Any CPU.Build.0 = Release|Any CPU
	EndGlobalSection
	GlobalSection(SolutionProperties) = preSolution
		HideSolutionNode = FALSE
	EndGlobalSection
	GlobalSection(NestedProjects) = preSolution
		{EC0ECF3A-379D-4D54-BBE6-7D6B18DBC114} = {FFE26567-BD8C-4707-923E-5D8532C4DC5C}
		{56B97FEE-036D-4B34-9B44-87EC60AFB552} = {DC863194-AAA2-44C3-B3A0-5E69ACB99BEF}
		{FA31D9D5-FC01-4BD4-B3B8-1722706C700C} = {5B4D3E71-3C14-4980-9E7D-C614F1C4280C}
		{EE9A41F3-CCB4-4681-92E7-8294786A398D} = {FFE26567-BD8C-4707-923E-5D8532C4DC5C}
		{3C6D88B2-ADF2-4DE3-9CEB-082B5BDF3EBA} = {DC863194-AAA2-44C3-B3A0-5E69ACB99BEF}
	EndGlobalSection
	GlobalSection(ExtensibilityGlobals) = postSolution
		SolutionGuid = {E761CCEA-19A5-4609-98CC-46B9085E1670}
	EndGlobalSection
EndGlobal
